
Microsoft Visual Studio Solution File, Format Version 12.00
# Visual Studio Version 17
VisualStudioVersion = 17.9.34616.47
MinimumVisualStudioVersion = 10.0.40219.1
Project("{9A19103F-16F7-4668-BE54-9A1E7A4F7556}") = "HappyBookingClient", "HappyBookingClient\HappyBookingClient.csproj", "{6755AFAA-8848-4CB5-8756-04494949468E}"
EndProject
Project("{2150E333-8FDC-42A3-9474-1A3956D46DE8}") = ".github", ".github", "{BC551D7E-A377-4DC3-A09B-182D90E58146}"
EndProject
Project("{2150E333-8FDC-42A3-9474-1A3956D46DE8}") = "workflows", "workflows", "{B8BC6DEF-3357-46B9-814C-4260E85A1F3E}"
	ProjectSection(SolutionItems) = preProject
		ci-cd-docker.yml = ci-cd-docker.yml
	EndProjectSection
EndProject
Project("{9A19103F-16F7-4668-BE54-9A1E7A4F7556}") = "HappyBookingServer", "HappyBookingServer\HappyBookingServer.csproj", "{9758A2A7-9A76-41F6-B1C4-9AB87F248569}"
EndProject
Project("{9A19103F-16F7-4668-BE54-9A1E7A4F7556}") = "HappyBookingShare", "HappyBookingShare\HappyBookingShare.csproj", "{65A6533E-A9A2-4A20-9561-0FEFD6423B5A}"
EndProject
Project("{FAE04EC0-301F-11D3-BF4B-00C04F79EFBC}") = "HappyBookingCleanArchitectureServer", "HappyBookingCleanArchitectureServer\HappyBookingCleanArchitectureServer.csproj", "{3599C94E-289B-4152-A270-689DDD3F6368}"
EndProject
Global
	GlobalSection(SolutionConfigurationPlatforms) = preSolution
		Debug|Any CPU = Debug|Any CPU
		Release|Any CPU = Release|Any CPU
	EndGlobalSection
	GlobalSection(ProjectConfigurationPlatforms) = postSolution
		{6755AFAA-8848-4CB5-8756-04494949468E}.Debug|Any CPU.ActiveCfg = Debug|Any CPU
		{6755AFAA-8848-4CB5-8756-04494949468E}.Debug|Any CPU.Build.0 = Debug|Any CPU
		{6755AFAA-8848-4CB5-8756-04494949468E}.Release|Any CPU.ActiveCfg = Release|Any CPU
		{6755AFAA-8848-4CB5-8756-04494949468E}.Release|Any CPU.Build.0 = Release|Any CPU
		{9758A2A7-9A76-41F6-B1C4-9AB87F248569}.Debug|Any CPU.ActiveCfg = Debug|Any CPU
		{9758A2A7-9A76-41F6-B1C4-9AB87F248569}.Debug|Any CPU.Build.0 = Debug|Any CPU
		{9758A2A7-9A76-41F6-B1C4-9AB87F248569}.Release|Any CPU.ActiveCfg = Release|Any CPU
		{9758A2A7-9A76-41F6-B1C4-9AB87F248569}.Release|Any CPU.Build.0 = Release|Any CPU
		{65A6533E-A9A2-4A20-9561-0FEFD6423B5A}.Debug|Any CPU.ActiveCfg = Debug|Any CPU
		{65A6533E-A9A2-4A20-9561-0FEFD6423B5A}.Debug|Any CPU.Build.0 = Debug|Any CPU
		{65A6533E-A9A2-4A20-9561-0FEFD6423B5A}.Release|Any CPU.ActiveCfg = Release|Any CPU
		{65A6533E-A9A2-4A20-9561-0FEFD6423B5A}.Release|Any CPU.Build.0 = Release|Any CPU
		{3599C94E-289B-4152-A270-689DDD3F6368}.Debug|Any CPU.ActiveCfg = Debug|Any CPU
		{3599C94E-289B-4152-A270-689DDD3F6368}.Debug|Any CPU.Build.0 = Debug|Any CPU
		{3599C94E-289B-4152-A270-689DDD3F6368}.Release|Any CPU.ActiveCfg = Release|Any CPU
		{3599C94E-289B-4152-A270-689DDD3F6368}.Release|Any CPU.Build.0 = Release|Any CPU
	EndGlobalSection
	GlobalSection(SolutionProperties) = preSolution
		HideSolutionNode = FALSE
	EndGlobalSection
	GlobalSection(NestedProjects) = preSolution
		{B8BC6DEF-3357-46B9-814C-4260E85A1F3E} = {BC551D7E-A377-4DC3-A09B-182D90E58146}
	EndGlobalSection
	GlobalSection(ExtensibilityGlobals) = postSolution
		SolutionGuid = {C5F918DD-28B7-43D1-B8BE-6C258B885D3F}
	EndGlobalSection
EndGlobal
